
Microsoft Visual Studio Solution File, Format Version 12.00
# Visual Studio Version 17
VisualStudioVersion = 17.2.32602.215
MinimumVisualStudioVersion = 10.0.40219.1
Project("{FAE04EC0-301F-11D3-BF4B-00C04F79EFBC}") = "progetto creazione cartelle", "progetto creazione cartelle\progetto creazione cartelle.csproj", "{86E35207-8763-4A84-BDF1-1A7658D840F1}"
EndProject
Global
	GlobalSection(SolutionConfigurationPlatforms) = preSolution
		Debug|Any CPU = Debug|Any CPU
		Release|Any CPU = Release|Any CPU
	EndGlobalSection
	GlobalSection(ProjectConfigurationPlatforms) = postSolution
		{86E35207-8763-4A84-BDF1-1A7658D840F1}.Debug|Any CPU.ActiveCfg = Debug|Any CPU
		{86E35207-8763-4A84-BDF1-1A7658D840F1}.Debug|Any CPU.Build.0 = Debug|Any CPU
		{86E35207-8763-4A84-BDF1-1A7658D840F1}.Release|Any CPU.ActiveCfg = Release|Any CPU
		{86E35207-8763-4A84-BDF1-1A7658D840F1}.Release|Any CPU.Build.0 = Release|Any CPU
	EndGlobalSection
	GlobalSection(SolutionProperties) = preSolution
		HideSolutionNode = FALSE
	EndGlobalSection
	GlobalSection(ExtensibilityGlobals) = postSolution
		SolutionGuid = {4DD3A8DF-D9C9-4D5B-B8A7-2307EECF4565}
	EndGlobalSection
EndGlobal
